# This file is automatically @generated by Cargo.
# It is not intended for manual editing.
version = 4

[[package]]
name = "alloy-core"
version = "1.5.7"
source = "registry+https://github.com/rust-lang/crates.io-index"
checksum = "23e8604b0c092fabc80d075ede181c9b9e596249c70b99253082d7e689836529"
dependencies = [
 "alloy-primitives",
 "alloy-sol-types",
]

[[package]]
name = "alloy-primitives"
version = "1.5.7"
source = "registry+https://github.com/rust-lang/crates.io-index"
checksum = "de3b431b4e72cd8bd0ec7a50b4be18e73dab74de0dba180eef171055e5d5926e"
dependencies = [
 "bytes",
 "cfg-if",
 "const-hex",
 "derive_more 2.1.1",
 "itoa",
 "paste",
 "ruint",
 "rustc-hash",
 "sha3",
]

[[package]]
name = "alloy-sol-macro"
version = "1.5.7"
source = "registry+https://github.com/rust-lang/crates.io-index"
checksum = "ab81bab693da9bb79f7a95b64b394718259fdd7e41dceeced4cad57cb71c4f6a"
dependencies = [
 "alloy-sol-macro-expander",
 "alloy-sol-macro-input",
 "proc-macro-error2",
 "proc-macro2",
 "quote",
 "syn",
]

[[package]]
name = "alloy-sol-macro-expander"
version = "1.5.7"
source = "registry+https://github.com/rust-lang/crates.io-index"
checksum = "489f1620bb7e2483fb5819ed01ab6edc1d2f93939dce35a5695085a1afd1d699"
dependencies = [
 "alloy-sol-macro-input",
 "const-hex",
 "heck",
 "indexmap",
 "proc-macro-error2",
 "proc-macro2",
 "quote",
 "sha3",
 "syn",
 "syn-solidity",
]

[[package]]
name = "alloy-sol-macro-input"
version = "1.5.7"
source = "registry+https://github.com/rust-lang/crates.io-index"
checksum = "56cef806ad22d4392c5fc83cf8f2089f988eb99c7067b4e0c6f1971fc1cca318"
dependencies = [
 "const-hex",
 "dunce",
 "heck",
 "macro-string",
 "proc-macro2",
 "quote",
 "syn",
 "syn-solidity",
]

[[package]]
name = "alloy-sol-types"
version = "1.5.7"
source = "registry+https://github.com/rust-lang/crates.io-index"
checksum = "64612d29379782a5dde6f4b6570d9c756d734d760c0c94c254d361e678a6591f"
dependencies = [
 "alloy-primitives",
 "alloy-sol-macro",
]

[[package]]
name = "arrayvec"
version = "0.7.6"
source = "registry+https://github.com/rust-lang/crates.io-index"
checksum = "7c02d123df017efcdfbd739ef81735b36c5ba83ec3c59c80a9d7ecc718f92e50"

[[package]]
name = "autocfg"
version = "1.5.0"
source = "registry+https://github.com/rust-lang/crates.io-index"
checksum = "c08606f8c3cbf4ce6ec8e28fb0014a2c086708fe954eaa885384a6165172e7e8"

[[package]]
name = "bitflags"
version = "1.3.2"
source = "registry+https://github.com/rust-lang/crates.io-index"
checksum = "bef38d45163c2f1dde094a7dfd33ccf595c92905c8f8f4fdc18d06fb1037718a"

[[package]]
name = "bitflags"
version = "2.11.0"
source = "registry+https://github.com/rust-lang/crates.io-index"
checksum = "843867be96c8daad0d758b57df9392b6d8d271134fce549de6ce169ff98a92af"

[[package]]
name = "blake2"
version = "0.10.6"
source = "registry+https://github.com/rust-lang/crates.io-index"
checksum = "46502ad458c9a52b69d4d4d32775c788b7a1b85e8bc9d482d92250fc0e3f8efe"
dependencies = [
 "digest",
]

[[package]]
name = "block-buffer"
version = "0.10.4"
source = "registry+https://github.com/rust-lang/crates.io-index"
checksum = "3078c7629b62d3f0439517fa394996acacc5cbc91c5a20d8c658e77abd503a71"
dependencies = [
 "generic-array",
]

[[package]]
name = "byte-slice-cast"
version = "1.2.3"
source = "registry+https://github.com/rust-lang/crates.io-index"
checksum = "7575182f7272186991736b70173b0ea045398f984bf5ebbb3804736ce1330c9d"

[[package]]
name = "byteorder"
version = "1.5.0"
source = "registry+https://github.com/rust-lang/crates.io-index"
checksum = "1fd0f2584146f6f2ef48085050886acf353beff7305ebd1ae69500e27c67f64b"

[[package]]
name = "bytes"
version = "1.11.1"
source = "registry+https://github.com/rust-lang/crates.io-index"
checksum = "1e748733b7cbc798e1434b6ac524f0c1ff2ab456fe201501e6497c8417a4fc33"

[[package]]
name = "cfg-if"
version = "1.0.4"
source = "registry+https://github.com/rust-lang/crates.io-index"
checksum = "9330f8b2ff13f34540b44e946ef35111825727b38d33286ef986142615121801"

[[package]]
name = "cloud"
version = "0.1.0"
dependencies = [
 "alloy-core",
 "pallet-revive-uapi",
 "parity-scale-codec",
 "pod",
 "polkavm-derive 0.31.0",
 "primitives",
 "pvm-bump-allocator",
 "pvm-contract-types",
 "subnet",
 "wrevive-api",
 "wrevive-macro",
]

[[package]]
name = "const-crypto"
version = "0.3.0"
source = "registry+https://github.com/rust-lang/crates.io-index"
checksum = "1c06f1eb05f06cf2e380fdded278fbf056a38974299d77960555a311dcf91a52"
dependencies = [
 "keccak-const",
 "sha2-const-stable",
]

[[package]]
name = "const-hex"
version = "1.18.0"
source = "registry+https://github.com/rust-lang/crates.io-index"
checksum = "af9a108e542ddf1de36743a6126e94d6659dccda38fc8a77e80b915102ac784a"
dependencies = [
 "cfg-if",
 "cpufeatures",
 "proptest",
 "serde_core",
]

[[package]]
name = "const_format"
version = "0.2.35"
source = "registry+https://github.com/rust-lang/crates.io-index"
checksum = "7faa7469a93a566e9ccc1c73fe783b4a65c274c5ace346038dca9c39fe0030ad"
dependencies = [
 "const_format_proc_macros",
]

[[package]]
name = "const_format_proc_macros"
version = "0.2.34"
source = "registry+https://github.com/rust-lang/crates.io-index"
checksum = "1d57c2eccfb16dbac1f4e61e206105db5820c9d26c3c472bc17c774259ef7744"
dependencies = [
 "proc-macro2",
 "quote",
 "unicode-xid",
]

[[package]]
name = "convert_case"
version = "0.10.0"
source = "registry+https://github.com/rust-lang/crates.io-index"
checksum = "633458d4ef8c78b72454de2d54fd6ab2e60f9e02be22f3c6104cdc8a4e0fceb9"
dependencies = [
 "unicode-segmentation",
]

[[package]]
name = "cpufeatures"
version = "0.2.17"
source = "registry+https://github.com/rust-lang/crates.io-index"
checksum = "59ed5838eebb26a2bb2e58f6d5b5316989ae9d08bab10e0e6d103e656d1b0280"
dependencies = [
 "libc",
]

[[package]]
name = "crunchy"
version = "0.2.4"
source = "registry+https://github.com/rust-lang/crates.io-index"
checksum = "460fbee9c2c2f33933d720630a6a0bac33ba7053db5344fac858d4b8952d77d5"

[[package]]
name = "crypto-common"
version = "0.1.7"
source = "registry+https://github.com/rust-lang/crates.io-index"
checksum = "78c8292055d1c1df0cce5d180393dc8cce0abec0a7102adb6c7b1eef6016d60a"
dependencies = [
 "generic-array",
 "typenum",
]

[[package]]
name = "derive_more"
version = "1.0.0"
source = "registry+https://github.com/rust-lang/crates.io-index"
checksum = "4a9b99b9cbbe49445b21764dc0625032a89b145a2642e67603e1c936f5458d05"
dependencies = [
 "derive_more-impl 1.0.0",
]

[[package]]
name = "derive_more"
version = "2.1.1"
source = "registry+https://github.com/rust-lang/crates.io-index"
checksum = "d751e9e49156b02b44f9c1815bcb94b984cdcc4396ecc32521c739452808b134"
dependencies = [
 "derive_more-impl 2.1.1",
]

[[package]]
name = "derive_more-impl"
version = "1.0.0"
source = "registry+https://github.com/rust-lang/crates.io-index"
checksum = "cb7330aeadfbe296029522e6c40f315320aba36fc43a5b3632f3795348f3bd22"
dependencies = [
 "proc-macro2",
 "quote",
 "syn",
]

[[package]]
name = "derive_more-impl"
version = "2.1.1"
source = "registry+https://github.com/rust-lang/crates.io-index"
checksum = "799a97264921d8623a957f6c3b9011f3b5492f557bbb7a5a19b7fa6d06ba8dcb"
dependencies = [
 "convert_case",
 "proc-macro2",
 "quote",
 "rustc_version",
 "syn",
 "unicode-xid",
]

[[package]]
name = "digest"
version = "0.10.7"
source = "registry+https://github.com/rust-lang/crates.io-index"
checksum = "9ed9a281f7bc9b7576e61468ba615a66a5c8cfdff42420a70aa82701a3b1e292"
dependencies = [
 "block-buffer",
 "crypto-common",
 "subtle",
]

[[package]]
name = "dunce"
version = "1.0.5"
source = "registry+https://github.com/rust-lang/crates.io-index"
checksum = "92773504d58c093f6de2459af4af33faa518c13451eb8f2b5698ed3d36e7c813"

[[package]]
name = "equivalent"
version = "1.0.2"
source = "registry+https://github.com/rust-lang/crates.io-index"
checksum = "877a4ace8713b0bcf2a4e7eec82529c029f1d0619886d18145fea96c3ffe5c0f"

[[package]]
name = "fixed-hash"
version = "0.8.0"
source = "registry+https://github.com/rust-lang/crates.io-index"
checksum = "835c052cb0c08c1acf6ffd71c022172e18723949c8282f2b9f27efbc51e64534"
dependencies = [
 "static_assertions",
]

[[package]]
name = "generic-array"
version = "0.14.7"
source = "registry+https://github.com/rust-lang/crates.io-index"
checksum = "85649ca51fd72272d7821adaf274ad91c288277713d9c18820d8499a7ff69e9a"
dependencies = [
 "typenum",
 "version_check",
]

[[package]]
name = "hashbrown"
version = "0.16.1"
source = "registry+https://github.com/rust-lang/crates.io-index"
checksum = "841d1cc9bed7f9236f321df977030373f4a4163ae1a7dbfe1a51a2c1a51d9100"

[[package]]
name = "heck"
version = "0.5.0"
source = "registry+https://github.com/rust-lang/crates.io-index"
checksum = "2304e00983f87ffb38b55b444b5e3b60a884b5d30c0fca7d82fe33449bbe55ea"

[[package]]
name = "hex"
version = "0.4.3"
source = "registry+https://github.com/rust-lang/crates.io-index"
checksum = "7f24254aa9a54b5c858eaee2f5bccdb46aaf0e486a595ed5fd8f86ba55232a70"

[[package]]
name = "hex-literal"
version = "0.4.1"
source = "registry+https://github.com/rust-lang/crates.io-index"
checksum = "6fe2267d4ed49bc07b63801559be28c718ea06c4738b7a03c94df7386d2cde46"

[[package]]
name = "impl-codec"
version = "0.7.1"
source = "registry+https://github.com/rust-lang/crates.io-index"
checksum = "2d40b9d5e17727407e55028eafc22b2dc68781786e6d7eb8a21103f5058e3a14"
dependencies = [
 "parity-scale-codec",
]

[[package]]
name = "impl-trait-for-tuples"
version = "0.2.3"
source = "registry+https://github.com/rust-lang/crates.io-index"
checksum = "a0eb5a3343abf848c0984fe4604b2b105da9539376e24fc0a3b0007411ae4fd9"
dependencies = [
 "proc-macro2",
 "quote",
 "syn",
]

[[package]]
name = "indexmap"
version = "2.13.0"
source = "registry+https://github.com/rust-lang/crates.io-index"
checksum = "7714e70437a7dc3ac8eb7e6f8df75fd8eb422675fc7678aff7364301092b1017"
dependencies = [
 "equivalent",
 "hashbrown",
]

[[package]]
name = "itoa"
version = "1.0.17"
source = "registry+https://github.com/rust-lang/crates.io-index"
checksum = "92ecc6618181def0457392ccd0ee51198e065e016d1d527a7ac1b6dc7c1f09d2"

[[package]]
name = "keccak"
version = "0.1.6"
source = "registry+https://github.com/rust-lang/crates.io-index"
checksum = "cb26cec98cce3a3d96cbb7bced3c4b16e3d13f27ec56dbd62cbc8f39cfb9d653"
dependencies = [
 "cpufeatures",
]

[[package]]
name = "keccak-const"
version = "0.2.0"
source = "registry+https://github.com/rust-lang/crates.io-index"
checksum = "57d8d8ce877200136358e0bbff3a77965875db3af755a11e1fa6b1b3e2df13ea"

[[package]]
name = "libc"
version = "0.2.182"
source = "registry+https://github.com/rust-lang/crates.io-index"
checksum = "6800badb6cb2082ffd7b6a67e6125bb39f18782f793520caee8cb8846be06112"

[[package]]
name = "libm"
version = "0.2.16"
source = "registry+https://github.com/rust-lang/crates.io-index"
checksum = "b6d2cec3eae94f9f509c767b45932f1ada8350c4bdb85af2fcab4a3c14807981"

[[package]]
name = "macro-string"
version = "0.1.4"
source = "registry+https://github.com/rust-lang/crates.io-index"
checksum = "1b27834086c65ec3f9387b096d66e99f221cf081c2b738042aa252bcd41204e3"
dependencies = [
 "proc-macro2",
 "quote",
 "syn",
]

[[package]]
name = "memchr"
version = "2.8.0"
source = "registry+https://github.com/rust-lang/crates.io-index"
checksum = "f8ca58f447f06ed17d5fc4043ce1b10dd205e060fb3ce5b979b8ed8e59ff3f79"

[[package]]
name = "num-traits"
version = "0.2.19"
source = "registry+https://github.com/rust-lang/crates.io-index"
checksum = "071dfc062690e90b734c0b2273ce72ad0ffa95f0c74596bc250dcfd960262841"
dependencies = [
 "autocfg",
 "libm",
]

[[package]]
name = "pallet-revive-proc-macro"
version = "0.7.1"
source = "registry+https://github.com/rust-lang/crates.io-index"
checksum = "5168bf2cfdd1307b832fedda9a48cab3ce56056e532e9407aba48657a7617c13"
dependencies = [
 "proc-macro2",
 "quote",
 "syn",
]

[[package]]
name = "pallet-revive-uapi"
version = "0.10.1"
source = "registry+https://github.com/rust-lang/crates.io-index"
checksum = "2000264018fdde239d46e9dbdcf881f633eeca2341c713b181380db59319aa3a"
dependencies = [
 "bitflags 1.3.2",
 "const-crypto",
 "hex-literal",
 "pallet-revive-proc-macro",
 "polkavm-derive 0.30.0",
]

[[package]]
name = "parity-scale-codec"
version = "3.7.5"
source = "registry+https://github.com/rust-lang/crates.io-index"
checksum = "799781ae679d79a948e13d4824a40970bfa500058d245760dd857301059810fa"
dependencies = [
 "arrayvec",
 "byte-slice-cast",
 "const_format",
 "impl-trait-for-tuples",
 "parity-scale-codec-derive",
 "rustversion",
]

[[package]]
name = "parity-scale-codec-derive"
version = "3.7.5"
source = "registry+https://github.com/rust-lang/crates.io-index"
checksum = "34b4653168b563151153c9e4c08ebed57fb8262bebfa79711552fa983c623e7a"
dependencies = [
 "proc-macro-crate",
 "proc-macro2",
 "quote",
 "syn",
]

[[package]]
name = "paste"
version = "1.0.15"
source = "registry+https://github.com/rust-lang/crates.io-index"
checksum = "57c0d7b74b563b49d38dae00a0c37d4d6de9b432382b2892f0574ddcae73fd0a"

[[package]]
name = "picosimd"
version = "0.9.3"
source = "registry+https://github.com/rust-lang/crates.io-index"
checksum = "3f8cf1ae70818c6476eb2da0ac8f3f55ecdea41a7aa16824ea6efc4a31cccf41"

[[package]]
name = "pod"
version = "0.1.0"
dependencies = [
 "alloy-core",
 "pallet-revive-uapi",
 "parity-scale-codec",
 "polkavm-derive 0.31.0",
 "primitives",
 "pvm-bump-allocator",
 "pvm-contract-types",
 "wrevive-api",
 "wrevive-macro",
]

[[package]]
name = "polkavm-common"
version = "0.30.0"
source = "registry+https://github.com/rust-lang/crates.io-index"
checksum = "ed1b408db93d4f49f5c651a7844682b9d7a561827b4dc6202c10356076c055c9"
dependencies = [
 "picosimd",
]

[[package]]
name = "polkavm-common"
version = "0.31.0"
source = "registry+https://github.com/rust-lang/crates.io-index"
checksum = "a0a3e43fa1a54b955a2f9422b1690c3cc29252ac8828c02a99d2370b9f2a188e"
dependencies = [
 "picosimd",
]

[[package]]
name = "polkavm-derive"
version = "0.30.0"
source = "registry+https://github.com/rust-lang/crates.io-index"
checksum = "acb4463fb0b9dbfafdc1d1a1183df4bf7afa3350d124f29d5700c6bee54556b5"
dependencies = [
 "polkavm-derive-impl-macro 0.30.0",
]

[[package]]
name = "polkavm-derive"
version = "0.31.0"
source = "registry+https://github.com/rust-lang/crates.io-index"
checksum = "c3d944b6b4e792c2a120232b52bd6f2c9dd3071d3f48462afb2b5d00cb9f7ac9"
dependencies = [
 "polkavm-derive-impl-macro 0.31.0",
]

[[package]]
name = "polkavm-derive-impl"
version = "0.30.0"
source = "registry+https://github.com/rust-lang/crates.io-index"
checksum = "993ff45b972e09babe68adce7062c3c38a84b9f50f07b7caf393a023eaa6c74a"
dependencies = [
 "polkavm-common 0.30.0",
 "proc-macro2",
 "quote",
 "syn",
]

[[package]]
name = "polkavm-derive-impl"
version = "0.31.0"
source = "registry+https://github.com/rust-lang/crates.io-index"
checksum = "57c14b030150f81dfde110997b6fafc19741998130908fdab85f1a66bb735025"
dependencies = [
 "polkavm-common 0.31.0",
 "proc-macro2",
 "quote",
 "syn",
]

[[package]]
name = "polkavm-derive-impl-macro"
version = "0.30.0"
source = "registry+https://github.com/rust-lang/crates.io-index"
checksum = "0a4f5352e13c1ca5f0e4d7b4a804fbb85b0e02c45cae435d101fe71081bc8ed8"
dependencies = [
 "polkavm-derive-impl 0.30.0",
 "syn",
]

[[package]]
name = "polkavm-derive-impl-macro"
version = "0.31.0"
source = "registry+https://github.com/rust-lang/crates.io-index"
checksum = "f3fcadb13edfcc3b4046fcd2d292597782f5b7a2af140e6363fbf71fe196b425"
dependencies = [
 "polkavm-derive-impl 0.31.0",
 "syn",
]

[[package]]
name = "ppv-lite86"
version = "0.2.21"
source = "registry+https://github.com/rust-lang/crates.io-index"
checksum = "85eae3c4ed2f50dcfe72643da4befc30deadb458a9b590d720cde2f2b1e97da9"
dependencies = [
 "zerocopy",
]

[[package]]
name = "primitive-types"
version = "0.14.0"
source = "registry+https://github.com/rust-lang/crates.io-index"
checksum = "721a1da530b5a2633218dc9f75713394c983c352be88d2d7c9ee85e2c4c21794"
dependencies = [
 "fixed-hash",
 "impl-codec",
 "uint",
]

[[package]]
name = "primitives"
version = "0.1.0"
dependencies = [
 "parity-scale-codec",
 "wrevive-api",
]

[[package]]
name = "proc-macro-crate"
version = "3.4.0"
source = "registry+https://github.com/rust-lang/crates.io-index"
checksum = "219cb19e96be00ab2e37d6e299658a0cfa83e52429179969b0f0121b4ac46983"
dependencies = [
 "toml_edit",
]

[[package]]
name = "proc-macro-error-attr2"
version = "2.0.0"
source = "registry+https://github.com/rust-lang/crates.io-index"
checksum = "96de42df36bb9bba5542fe9f1a054b8cc87e172759a1868aa05c1f3acc89dfc5"
dependencies = [
 "proc-macro2",
 "quote",
]

[[package]]
name = "proc-macro-error2"
version = "2.0.1"
source = "registry+https://github.com/rust-lang/crates.io-index"
checksum = "11ec05c52be0a07b08061f7dd003e7d7092e0472bc731b4af7bb1ef876109802"
dependencies = [
 "proc-macro-error-attr2",
 "proc-macro2",
 "quote",
 "syn",
]

[[package]]
name = "proc-macro2"
version = "1.0.106"
source = "registry+https://github.com/rust-lang/crates.io-index"
checksum = "8fd00f0bb2e90d81d1044c2b32617f68fcb9fa3bb7640c23e9c748e53fb30934"
dependencies = [
 "unicode-ident",
]

[[package]]
name = "proptest"
version = "1.10.0"
source = "registry+https://github.com/rust-lang/crates.io-index"
checksum = "37566cb3fdacef14c0737f9546df7cfeadbfbc9fef10991038bf5015d0c80532"
dependencies = [
 "bitflags 2.11.0",
 "num-traits",
 "rand 0.9.2",
 "rand_chacha",
 "rand_xorshift",
 "unarray",
]

[[package]]
name = "proxy"
version = "0.1.0"
dependencies = [
 "alloy-core",
 "pallet-revive-uapi",
 "parity-scale-codec",
 "polkavm-derive 0.31.0",
 "primitives",
 "pvm-bump-allocator",
 "pvm-contract-types",
 "wrevive-api",
 "wrevive-macro",
]

[[package]]
name = "pvm-bump-allocator"
version = "0.3.0"
source = "git+https://github.com/paritytech/cargo-pvm-contract?branch=main#ab2cbbd87963b14a45b0721f41a98536b06bba10"

[[package]]
name = "pvm-contract-macros"
version = "0.3.0"
source = "git+https://github.com/paritytech/cargo-pvm-contract?branch=main#ab2cbbd87963b14a45b0721f41a98536b06bba10"
dependencies = [
 "proc-macro2",
 "pvm-contract-types",
 "quote",
 "syn",
 "tiny-keccak",
]

[[package]]
name = "pvm-contract-types"
version = "0.3.0"
source = "git+https://github.com/paritytech/cargo-pvm-contract?branch=main#ab2cbbd87963b14a45b0721f41a98536b06bba10"
dependencies = [
 "ruint",
]

[[package]]
name = "quote"
version = "1.0.44"
source = "registry+https://github.com/rust-lang/crates.io-index"
checksum = "21b2ebcf727b7760c461f091f9f0f539b77b8e87f2fd88131e7f1b433b3cece4"
dependencies = [
 "proc-macro2",
]

[[package]]
name = "rand"
version = "0.8.5"
source = "registry+https://github.com/rust-lang/crates.io-index"
checksum = "34af8d1a0e25924bc5b7c43c079c942339d8f0a8b57c39049bef581b46327404"
dependencies = [
 "rand_core 0.6.4",
]

[[package]]
name = "rand"
version = "0.9.2"
source = "registry+https://github.com/rust-lang/crates.io-index"
checksum = "6db2770f06117d490610c7488547d543617b21bfa07796d7a12f6f1bd53850d1"
dependencies = [
 "rand_core 0.9.5",
]

[[package]]
name = "rand_chacha"
version = "0.9.0"
source = "registry+https://github.com/rust-lang/crates.io-index"
checksum = "d3022b5f1df60f26e1ffddd6c66e8aa15de382ae63b3a0c1bfc0e4d3e3f325cb"
dependencies = [
 "ppv-lite86",
 "rand_core 0.9.5",
]

[[package]]
name = "rand_core"
version = "0.6.4"
source = "registry+https://github.com/rust-lang/crates.io-index"
checksum = "ec0be4795e2f6a28069bec0b5ff3e2ac9bafc99e6a9a7dc3547996c5c816922c"

[[package]]
name = "rand_core"
version = "0.9.5"
source = "registry+https://github.com/rust-lang/crates.io-index"
checksum = "76afc826de14238e6e8c374ddcc1fa19e374fd8dd986b0d2af0d02377261d83c"

[[package]]
name = "rand_xorshift"
version = "0.4.0"
source = "registry+https://github.com/rust-lang/crates.io-index"
checksum = "513962919efc330f829edb2535844d1b912b0fbe2ca165d613e4e8788bb05a5a"
dependencies = [
 "rand_core 0.9.5",
]

[[package]]
name = "ruint"
version = "1.17.2"
source = "registry+https://github.com/rust-lang/crates.io-index"
checksum = "c141e807189ad38a07276942c6623032d3753c8859c146104ac2e4d68865945a"
dependencies = [
 "proptest",
 "rand 0.8.5",
 "rand 0.9.2",
 "ruint-macro",
 "serde_core",
 "valuable",
 "zeroize",
]

[[package]]
name = "ruint-macro"
version = "1.2.1"
source = "registry+https://github.com/rust-lang/crates.io-index"
checksum = "48fd7bd8a6377e15ad9d42a8ec25371b94ddc67abe7c8b9127bec79bebaaae18"

[[package]]
name = "rustc-hash"
version = "2.1.1"
source = "registry+https://github.com/rust-lang/crates.io-index"
checksum = "357703d41365b4b27c590e3ed91eabb1b663f07c4c084095e60cbed4362dff0d"

[[package]]
name = "rustc_version"
version = "0.4.1"
source = "registry+https://github.com/rust-lang/crates.io-index"
checksum = "cfcb3a22ef46e85b45de6ee7e79d063319ebb6594faafcf1c225ea92ab6e9b92"
dependencies = [
 "semver",
]

[[package]]
name = "rustversion"
version = "1.0.22"
source = "registry+https://github.com/rust-lang/crates.io-index"
checksum = "b39cdef0fa800fc44525c84ccb54a029961a8215f9619753635a9c0d2538d46d"

[[package]]
name = "scale-info"
version = "2.11.6"
source = "registry+https://github.com/rust-lang/crates.io-index"
checksum = "346a3b32eba2640d17a9cb5927056b08f3de90f65b72fe09402c2ad07d684d0b"
dependencies = [
 "cfg-if",
 "derive_more 1.0.0",
 "parity-scale-codec",
 "scale-info-derive",
]

[[package]]
name = "scale-info-derive"
version = "2.11.6"
source = "registry+https://github.com/rust-lang/crates.io-index"
checksum = "c6630024bf739e2179b91fb424b28898baf819414262c5d376677dbff1fe7ebf"
dependencies = [
 "proc-macro-crate",
 "proc-macro2",
 "quote",
 "syn",
]

[[package]]
name = "semver"
version = "1.0.27"
source = "registry+https://github.com/rust-lang/crates.io-index"
checksum = "d767eb0aabc880b29956c35734170f26ed551a859dbd361d140cdbeca61ab1e2"

[[package]]
name = "serde"
version = "1.0.228"
source = "registry+https://github.com/rust-lang/crates.io-index"
checksum = "9a8e94ea7f378bd32cbbd37198a4a91436180c5bb472411e48b5ec2e2124ae9e"
dependencies = [
 "serde_core",
 "serde_derive",
]

[[package]]
name = "serde_core"
version = "1.0.228"
source = "registry+https://github.com/rust-lang/crates.io-index"
checksum = "41d385c7d4ca58e59fc732af25c3983b67ac852c1a25000afe1175de458b67ad"
dependencies = [
 "serde_derive",
]

[[package]]
name = "serde_derive"
version = "1.0.228"
source = "registry+https://github.com/rust-lang/crates.io-index"
checksum = "d540f220d3187173da220f885ab66608367b6574e925011a9353e4badda91d79"
dependencies = [
 "proc-macro2",
 "quote",
 "syn",
]

[[package]]
name = "serde_json"
version = "1.0.149"
source = "registry+https://github.com/rust-lang/crates.io-index"
checksum = "83fc039473c5595ace860d8c4fafa220ff474b3fc6bfdb4293327f1a37e94d86"
dependencies = [
 "itoa",
 "memchr",
 "serde",
 "serde_core",
 "zmij",
]

[[package]]
name = "sha2-const-stable"
version = "0.1.0"
source = "registry+https://github.com/rust-lang/crates.io-index"
checksum = "5f179d4e11094a893b82fff208f74d448a7512f99f5a0acbd5c679b705f83ed9"

[[package]]
name = "sha3"
version = "0.10.8"
source = "registry+https://github.com/rust-lang/crates.io-index"
checksum = "75872d278a8f37ef87fa0ddbda7802605cb18344497949862c0d4dcb291eba60"
dependencies = [
 "digest",
 "keccak",
]

[[package]]
name = "static_assertions"
version = "1.1.0"
source = "registry+https://github.com/rust-lang/crates.io-index"
checksum = "a2eb9349b6444b326872e140eb1cf5e7c522154d69e7a0ffb0fb81c06b37543f"

[[package]]
name = "subnet"
version = "0.1.0"
dependencies = [
 "alloy-core",
 "pallet-revive-uapi",
 "parity-scale-codec",
 "polkavm-derive 0.31.0",
 "primitives",
 "pvm-bump-allocator",
 "pvm-contract-types",
 "wrevive-api",
 "wrevive-macro",
]

[[package]]
name = "subtle"
version = "2.6.1"
source = "registry+https://github.com/rust-lang/crates.io-index"
checksum = "13c2bddecc57b384dee18652358fb23172facb8a2c51ccc10d74c157bdea3292"

[[package]]
name = "syn"
version = "2.0.117"
source = "registry+https://github.com/rust-lang/crates.io-index"
checksum = "e665b8803e7b1d2a727f4023456bbbbe74da67099c585258af0ad9c5013b9b99"
dependencies = [
 "proc-macro2",
 "quote",
 "unicode-ident",
]

[[package]]
name = "syn-solidity"
version = "1.5.7"
source = "registry+https://github.com/rust-lang/crates.io-index"
checksum = "53f425ae0b12e2f5ae65542e00898d500d4d318b4baf09f40fd0d410454e9947"
dependencies = [
 "paste",
 "proc-macro2",
 "quote",
 "syn",
]

[[package]]
name = "tiny-keccak"
version = "2.0.2"
source = "registry+https://github.com/rust-lang/crates.io-index"
checksum = "2c9d3793400a45f954c52e73d068316d76b6f4e36977e3fcebb13a2721e80237"
dependencies = [
 "crunchy",
]

[[package]]
name = "toml_datetime"
version = "0.7.5+spec-1.1.0"
source = "registry+https://github.com/rust-lang/crates.io-index"
checksum = "92e1cfed4a3038bc5a127e35a2d360f145e1f4b971b551a2ba5fd7aedf7e1347"
dependencies = [
 "serde_core",
]

[[package]]
name = "toml_edit"
version = "0.23.10+spec-1.0.0"
source = "registry+https://github.com/rust-lang/crates.io-index"
checksum = "84c8b9f757e028cee9fa244aea147aab2a9ec09d5325a9b01e0a49730c2b5269"
dependencies = [
 "indexmap",
 "toml_datetime",
 "toml_parser",
 "winnow",
]

[[package]]
name = "toml_parser"
version = "1.0.9+spec-1.1.0"
source = "registry+https://github.com/rust-lang/crates.io-index"
checksum = "702d4415e08923e7e1ef96cd5727c0dfed80b4d2fa25db9647fe5eb6f7c5a4c4"
dependencies = [
 "winnow",
]

[[package]]
name = "typenum"
version = "1.19.0"
source = "registry+https://github.com/rust-lang/crates.io-index"
checksum = "562d481066bde0658276a35467c4af00bdc6ee726305698a55b86e61d7ad82bb"

[[package]]
name = "uint"
version = "0.10.0"
source = "registry+https://github.com/rust-lang/crates.io-index"
checksum = "909988d098b2f738727b161a106cfc7cab00c539c2687a8836f8e565976fb53e"
dependencies = [
 "byteorder",
 "crunchy",
 "hex",
 "static_assertions",
]

[[package]]
name = "unarray"
version = "0.1.4"
source = "registry+https://github.com/rust-lang/crates.io-index"
checksum = "eaea85b334db583fe3274d12b4cd1880032beab409c0d774be044d4480ab9a94"

[[package]]
name = "unicode-ident"
version = "1.0.24"
source = "registry+https://github.com/rust-lang/crates.io-index"
checksum = "e6e4313cd5fcd3dad5cafa179702e2b244f760991f45397d14d4ebf38247da75"

[[package]]
name = "unicode-segmentation"
version = "1.12.0"
source = "registry+https://github.com/rust-lang/crates.io-index"
checksum = "f6ccf251212114b54433ec949fd6a7841275f9ada20dddd2f29e9ceea4501493"

[[package]]
name = "unicode-xid"
version = "0.2.6"
source = "registry+https://github.com/rust-lang/crates.io-index"
checksum = "ebc1c04c71510c7f702b52b7c350734c9ff1295c464a03335b00bb84fc54f853"

[[package]]
name = "valuable"
version = "0.1.1"
source = "registry+https://github.com/rust-lang/crates.io-index"
checksum = "ba73ea9cf16a25df0c8caa16c51acb937d5712a8429db78a3ee29d5dcacd3a65"

[[package]]
name = "version_check"
version = "0.9.5"
source = "registry+https://github.com/rust-lang/crates.io-index"
checksum = "0b928f33d975fc6ad9f86c8f283853ad26bdd5b10b7f1542aa2fa15e2289105a"

[[package]]
name = "winnow"
version = "0.7.14"
source = "registry+https://github.com/rust-lang/crates.io-index"
checksum = "5a5364e9d77fcdeeaa6062ced926ee3381faa2ee02d3eb83a5c27a8825540829"
dependencies = [
 "memchr",
]

[[package]]
name = "wrevive-api"
version = "0.1.0"
dependencies = [
 "pallet-revive-uapi",
 "parity-scale-codec",
 "primitive-types",
 "pvm-contract-macros",
 "pvm-contract-types",
 "scale-info",
 "sha3",
]

[[package]]
name = "wrevive-macro"
version = "0.1.0"
dependencies = [
 "blake2",
 "digest",
 "proc-macro2",
 "quote",
 "serde",
 "serde_json",
 "syn",
]

[[package]]
name = "zerocopy"
version = "0.8.40"
source = "registry+https://github.com/rust-lang/crates.io-index"
checksum = "a789c6e490b576db9f7e6b6d661bcc9799f7c0ac8352f56ea20193b2681532e5"
dependencies = [
 "zerocopy-derive",
]

[[package]]
name = "zerocopy-derive"
version = "0.8.40"
source = "registry+https://github.com/rust-lang/crates.io-index"
checksum = "f65c489a7071a749c849713807783f70672b28094011623e200cb86dcb835953"
dependencies = [
 "proc-macro2",
 "quote",
 "syn",
]

[[package]]
name = "zeroize"
version = "1.8.2"
source = "registry+https://github.com/rust-lang/crates.io-index"
checksum = "b97154e67e32c85465826e8bcc1c59429aaaf107c1e4a9e53c8d8ccd5eff88d0"

[[package]]
name = "zmij"
version = "1.0.21"
source = "registry+https://github.com/rust-lang/crates.io-index"
checksum = "b8848ee67ecc8aedbaf3e4122217aff892639231befc6a1b58d29fff4c2cabaa"
